
Microsoft Visual Studio Solution File, Format Version 12.00
# Visual Studio Version 16
VisualStudioVersion = 16.0.30907.101
MinimumVisualStudioVersion = 10.0.40219.1
Project("{9A19103F-16F7-4668-BE54-9A1E7A4F7556}") = "WpfApp2", "WpfApp2.csproj", "{255D5968-F35E-4D8F-BD38-4C3458B27B1D}"
EndProject
Project("{9A19103F-16F7-4668-BE54-9A1E7A4F7556}") = "Camera RecordML.Model", "..\Camera RecordML.Model\Camera RecordML.Model.csproj", "{49EAEE44-04FD-4A93-8DCD-1EAB00721EA0}"
EndProject
Global
	GlobalSection(SolutionConfigurationPlatforms) = preSolution
		Debug|Any CPU = Debug|Any CPU
		Release|Any CPU = Release|Any CPU
	EndGlobalSection
	GlobalSection(ProjectConfigurationPlatforms) = postSolution
		{255D5968-F35E-4D8F-BD38-4C3458B27B1D}.Debug|Any CPU.ActiveCfg = Debug|Any CPU
		{255D5968-F35E-4D8F-BD38-4C3458B27B1D}.Debug|Any CPU.Build.0 = Debug|Any CPU
		{255D5968-F35E-4D8F-BD38-4C3458B27B1D}.Release|Any CPU.ActiveCfg = Release|Any CPU
		{255D5968-F35E-4D8F-BD38-4C3458B27B1D}.Release|Any CPU.Build.0 = Release|Any CPU
		{49EAEE44-04FD-4A93-8DCD-1EAB00721EA0}.Debug|Any CPU.ActiveCfg = Debug|Any CPU
		{49EAEE44-04FD-4A93-8DCD-1EAB00721EA0}.Debug|Any CPU.Build.0 = Debug|Any CPU
		{49EAEE44-04FD-4A93-8DCD-1EAB00721EA0}.Release|Any CPU.ActiveCfg = Release|Any CPU
		{49EAEE44-04FD-4A93-8DCD-1EAB00721EA0}.Release|Any CPU.Build.0 = Release|Any CPU
	EndGlobalSection
	GlobalSection(SolutionProperties) = preSolution
		HideSolutionNode = FALSE
	EndGlobalSection
	GlobalSection(ExtensibilityGlobals) = postSolution
		SolutionGuid = {E3298E13-C28B-4D37-BB80-68AC1ECF6C27}
	EndGlobalSection
EndGlobal
